
Microsoft Visual Studio Solution File, Format Version 12.00
# Visual Studio 15
VisualStudioVersion = 15.0.27703.2035
MinimumVisualStudioVersion = 10.0.40219.1
Project("{FAE04EC0-301F-11D3-BF4B-00C04F79EFBC}") = "GoogleAssessment.Entry", "GoogleAssessment.Entry\GoogleAssessment.Entry.csproj", "{042CF7CF-9D70-4AF1-975D-B89B19AE9001}"
EndProject
Project("{FAE04EC0-301F-11D3-BF4B-00C04F79EFBC}") = "GoogleAssessment.Tests", "GoogleAssessment.Tests\GoogleAssessment.Tests.csproj", "{B4275EC8-619C-4B08-AEB1-547F2155CD1B}"
EndProject
Global
	GlobalSection(SolutionConfigurationPlatforms) = preSolution
		Debug|Any CPU = Debug|Any CPU
		Release|Any CPU = Release|Any CPU
	EndGlobalSection
	GlobalSection(ProjectConfigurationPlatforms) = postSolution
		{042CF7CF-9D70-4AF1-975D-B89B19AE9001}.Debug|Any CPU.ActiveCfg = Debug|Any CPU
		{042CF7CF-9D70-4AF1-975D-B89B19AE9001}.Debug|Any CPU.Build.0 = Debug|Any CPU
		{042CF7CF-9D70-4AF1-975D-B89B19AE9001}.Release|Any CPU.ActiveCfg = Release|Any CPU
		{042CF7CF-9D70-4AF1-975D-B89B19AE9001}.Release|Any CPU.Build.0 = Release|Any CPU
		{B4275EC8-619C-4B08-AEB1-547F2155CD1B}.Debug|Any CPU.ActiveCfg = Debug|Any CPU
		{B4275EC8-619C-4B08-AEB1-547F2155CD1B}.Debug|Any CPU.Build.0 = Debug|Any CPU
		{B4275EC8-619C-4B08-AEB1-547F2155CD1B}.Release|Any CPU.ActiveCfg = Release|Any CPU
		{B4275EC8-619C-4B08-AEB1-547F2155CD1B}.Release|Any CPU.Build.0 = Release|Any CPU
	EndGlobalSection
	GlobalSection(SolutionProperties) = preSolution
		HideSolutionNode = FALSE
	EndGlobalSection
	GlobalSection(ExtensibilityGlobals) = postSolution
		SolutionGuid = {E681E2BF-7A76-4210-A726-DDDD6277FC40}
	EndGlobalSection
EndGlobal
